
Microsoft Visual Studio Solution File, Format Version 12.00
# Visual Studio Version 17
VisualStudioVersion = 17.7.34031.279
MinimumVisualStudioVersion = 10.0.40219.1
Project("{9A19103F-16F7-4668-BE54-9A1E7A4F7556}") = "Haven", "Haven\Haven.csproj", "{8A5F68DE-D92F-4119-ACD2-F5C487DA8C11}"
EndProject
Project("{9A19103F-16F7-4668-BE54-9A1E7A4F7556}") = "Tester", "Tester\Tester.csproj", "{DD87D129-8552-4C63-8FF7-40C584B531AA}"
EndProject
Project("{FAE04EC0-301F-11D3-BF4B-00C04F79EFBC}") = "MapMaker", "MapMaker\MapMaker.csproj", "{5B1DB96A-5055-4D2C-A3ED-4AE968162912}"
EndProject
Global
	GlobalSection(SolutionConfigurationPlatforms) = preSolution
		Debug|Any CPU = Debug|Any CPU
		Release|Any CPU = Release|Any CPU
	EndGlobalSection
	GlobalSection(ProjectConfigurationPlatforms) = postSolution
		{8A5F68DE-D92F-4119-ACD2-F5C487DA8C11}.Debug|Any CPU.ActiveCfg = Debug|Any CPU
		{8A5F68DE-D92F-4119-ACD2-F5C487DA8C11}.Debug|Any CPU.Build.0 = Debug|Any CPU
		{8A5F68DE-D92F-4119-ACD2-F5C487DA8C11}.Release|Any CPU.ActiveCfg = Release|Any CPU
		{8A5F68DE-D92F-4119-ACD2-F5C487DA8C11}.Release|Any CPU.Build.0 = Release|Any CPU
		{DD87D129-8552-4C63-8FF7-40C584B531AA}.Debug|Any CPU.ActiveCfg = Debug|Any CPU
		{DD87D129-8552-4C63-8FF7-40C584B531AA}.Debug|Any CPU.Build.0 = Debug|Any CPU
		{DD87D129-8552-4C63-8FF7-40C584B531AA}.Release|Any CPU.ActiveCfg = Release|Any CPU
		{DD87D129-8552-4C63-8FF7-40C584B531AA}.Release|Any CPU.Build.0 = Release|Any CPU
		{5B1DB96A-5055-4D2C-A3ED-4AE968162912}.Debug|Any CPU.ActiveCfg = Debug|Any CPU
		{5B1DB96A-5055-4D2C-A3ED-4AE968162912}.Debug|Any CPU.Build.0 = Debug|Any CPU
		{5B1DB96A-5055-4D2C-A3ED-4AE968162912}.Release|Any CPU.ActiveCfg = Release|Any CPU
		{5B1DB96A-5055-4D2C-A3ED-4AE968162912}.Release|Any CPU.Build.0 = Release|Any CPU
	EndGlobalSection
	GlobalSection(SolutionProperties) = preSolution
		HideSolutionNode = FALSE
	EndGlobalSection
	GlobalSection(ExtensibilityGlobals) = postSolution
		SolutionGuid = {633857CF-7127-40C9-B8E6-13C906522B9D}
	EndGlobalSection
EndGlobal
